
Microsoft Visual Studio Solution File, Format Version 12.00
# Visual Studio Version 17
VisualStudioVersion = 17.0.31903.59
MinimumVisualStudioVersion = 10.0.40219.1
Project("{FAE04EC0-301F-11D3-BF4B-00C04F79EFBC}") = "build-a-square", "build-a-square\build-a-square.csproj", "{CCD905A0-CB83-4BD5-933B-D37ACE78581C}"
EndProject
Project("{FAE04EC0-301F-11D3-BF4B-00C04F79EFBC}") = "Test", "Test\Test.csproj", "{2D80AFB6-4E55-4264-B3C0-260013380242}"
EndProject
Global
	GlobalSection(SolutionConfigurationPlatforms) = preSolution
		Debug|Any CPU = Debug|Any CPU
		Release|Any CPU = Release|Any CPU
	EndGlobalSection
	GlobalSection(SolutionProperties) = preSolution
		HideSolutionNode = FALSE
	EndGlobalSection
	GlobalSection(ProjectConfigurationPlatforms) = postSolution
		{CCD905A0-CB83-4BD5-933B-D37ACE78581C}.Debug|Any CPU.ActiveCfg = Debug|Any CPU
		{CCD905A0-CB83-4BD5-933B-D37ACE78581C}.Debug|Any CPU.Build.0 = Debug|Any CPU
		{CCD905A0-CB83-4BD5-933B-D37ACE78581C}.Release|Any CPU.ActiveCfg = Release|Any CPU
		{CCD905A0-CB83-4BD5-933B-D37ACE78581C}.Release|Any CPU.Build.0 = Release|Any CPU
		{2D80AFB6-4E55-4264-B3C0-260013380242}.Debug|Any CPU.ActiveCfg = Debug|Any CPU
		{2D80AFB6-4E55-4264-B3C0-260013380242}.Debug|Any CPU.Build.0 = Debug|Any CPU
		{2D80AFB6-4E55-4264-B3C0-260013380242}.Release|Any CPU.ActiveCfg = Release|Any CPU
		{2D80AFB6-4E55-4264-B3C0-260013380242}.Release|Any CPU.Build.0 = Release|Any CPU
	EndGlobalSection
EndGlobal
